
Microsoft Visual Studio Solution File, Format Version 12.00
# Visual Studio Version 17
VisualStudioVersion = 17.8.34511.84
MinimumVisualStudioVersion = 10.0.40219.1
Project("{FAE04EC0-301F-11D3-BF4B-00C04F79EFBC}") = "CSHARP_LESSONS", "CSHARP_LESSONS\CSHARP_LESSONS.csproj", "{B5A9885E-2EBE-4588-9212-555980AE885A}"
EndProject
Global
	GlobalSection(SolutionConfigurationPlatforms) = preSolution
		Debug|Any CPU = Debug|Any CPU
		Release|Any CPU = Release|Any CPU
	EndGlobalSection
	GlobalSection(ProjectConfigurationPlatforms) = postSolution
		{B5A9885E-2EBE-4588-9212-555980AE885A}.Debug|Any CPU.ActiveCfg = Debug|Any CPU
		{B5A9885E-2EBE-4588-9212-555980AE885A}.Debug|Any CPU.Build.0 = Debug|Any CPU
		{B5A9885E-2EBE-4588-9212-555980AE885A}.Release|Any CPU.ActiveCfg = Release|Any CPU
		{B5A9885E-2EBE-4588-9212-555980AE885A}.Release|Any CPU.Build.0 = Release|Any CPU
	EndGlobalSection
	GlobalSection(SolutionProperties) = preSolution
		HideSolutionNode = FALSE
	EndGlobalSection
	GlobalSection(ExtensibilityGlobals) = postSolution
		SolutionGuid = {B4D26BC7-DF76-483A-B56F-50418B82D6B6}
	EndGlobalSection
EndGlobal
